
Microsoft Visual Studio Solution File, Format Version 12.00
# Visual Studio Version 16
VisualStudioVersion = 16.0.33529.622
MinimumVisualStudioVersion = 10.0.40219.1
Project("{8BC9CEB8-8B4A-11D0-8D11-00A0C91BC942}") = "driver", "driver\driver.vcxproj", "{5108072B-5FA3-4731-AF3B-D324270C55A8}"
EndProject
Project("{2150E333-8FDC-42A3-9474-1A3956D46DE8}") = "inc", "inc", "{5EB9331F-11F0-4574-8BBD-3BB837579955}"
	ProjectSection(SolutionItems) = preProject
		inc\ioctl.h = inc\ioctl.h
	EndProjectSection
EndProject
Project("{8BC9CEB8-8B4A-11D0-8D11-00A0C91BC942}") = "app", "app\app.vcxproj", "{B0EDFFC2-7CCC-4BDF-A2DA-443D3355FAC9}"
EndProject
Global
	GlobalSection(SolutionConfigurationPlatforms) = preSolution
		Debug|ARM = Debug|ARM
		Debug|ARM64 = Debug|ARM64
		Debug|x64 = Debug|x64
		Debug|x86 = Debug|x86
		Release|ARM = Release|ARM
		Release|ARM64 = Release|ARM64
		Release|x64 = Release|x64
		Release|x86 = Release|x86
	EndGlobalSection
	GlobalSection(ProjectConfigurationPlatforms) = postSolution
		{5108072B-5FA3-4731-AF3B-D324270C55A8}.Debug|ARM.ActiveCfg = Debug|ARM
		{5108072B-5FA3-4731-AF3B-D324270C55A8}.Debug|ARM.Build.0 = Debug|ARM
		{5108072B-5FA3-4731-AF3B-D324270C55A8}.Debug|ARM.Deploy.0 = Debug|ARM
		{5108072B-5FA3-4731-AF3B-D324270C55A8}.Debug|ARM64.ActiveCfg = Debug|ARM64
		{5108072B-5FA3-4731-AF3B-D324270C55A8}.Debug|ARM64.Build.0 = Debug|ARM64
		{5108072B-5FA3-4731-AF3B-D324270C55A8}.Debug|ARM64.Deploy.0 = Debug|ARM64
		{5108072B-5FA3-4731-AF3B-D324270C55A8}.Debug|x64.ActiveCfg = Debug|x64
		{5108072B-5FA3-4731-AF3B-D324270C55A8}.Debug|x64.Build.0 = Debug|x64
		{5108072B-5FA3-4731-AF3B-D324270C55A8}.Debug|x64.Deploy.0 = Debug|x64
		{5108072B-5FA3-4731-AF3B-D324270C55A8}.Debug|x86.ActiveCfg = Debug|Win32
		{5108072B-5FA3-4731-AF3B-D324270C55A8}.Debug|x86.Build.0 = Debug|Win32
		{5108072B-5FA3-4731-AF3B-D324270C55A8}.Debug|x86.Deploy.0 = Debug|Win32
		{5108072B-5FA3-4731-AF3B-D324270C55A8}.Release|ARM.ActiveCfg = Release|ARM
		{5108072B-5FA3-4731-AF3B-D324270C55A8}.Release|ARM.Build.0 = Release|ARM
		{5108072B-5FA3-4731-AF3B-D324270C55A8}.Release|ARM.Deploy.0 = Release|ARM
		{5108072B-5FA3-4731-AF3B-D324270C55A8}.Release|ARM64.ActiveCfg = Release|ARM64
		{5108072B-5FA3-4731-AF3B-D324270C55A8}.Release|ARM64.Build.0 = Release|ARM64
		{5108072B-5FA3-4731-AF3B-D324270C55A8}.Release|ARM64.Deploy.0 = Release|ARM64
		{5108072B-5FA3-4731-AF3B-D324270C55A8}.Release|x64.ActiveCfg = Release|x64
		{5108072B-5FA3-4731-AF3B-D324270C55A8}.Release|x64.Build.0 = Release|x64
		{5108072B-5FA3-4731-AF3B-D324270C55A8}.Release|x64.Deploy.0 = Release|x64
		{5108072B-5FA3-4731-AF3B-D324270C55A8}.Release|x86.ActiveCfg = Release|Win32
		{5108072B-5FA3-4731-AF3B-D324270C55A8}.Release|x86.Build.0 = Release|Win32
		{5108072B-5FA3-4731-AF3B-D324270C55A8}.Release|x86.Deploy.0 = Release|Win32
		{B0EDFFC2-7CCC-4BDF-A2DA-443D3355FAC9}.Debug|ARM.ActiveCfg = Debug|Win32
		{B0EDFFC2-7CCC-4BDF-A2DA-443D3355FAC9}.Debug|ARM64.ActiveCfg = Debug|Win32
		{B0EDFFC2-7CCC-4BDF-A2DA-443D3355FAC9}.Debug|x64.ActiveCfg = Debug|x64
		{B0EDFFC2-7CCC-4BDF-A2DA-443D3355FAC9}.Debug|x64.Build.0 = Debug|x64
		{B0EDFFC2-7CCC-4BDF-A2DA-443D3355FAC9}.Debug|x86.ActiveCfg = Debug|Win32
		{B0EDFFC2-7CCC-4BDF-A2DA-443D3355FAC9}.Debug|x86.Build.0 = Debug|Win32
		{B0EDFFC2-7CCC-4BDF-A2DA-443D3355FAC9}.Release|ARM.ActiveCfg = Release|Win32
		{B0EDFFC2-7CCC-4BDF-A2DA-443D3355FAC9}.Release|ARM64.ActiveCfg = Release|Win32
		{B0EDFFC2-7CCC-4BDF-A2DA-443D3355FAC9}.Release|x64.ActiveCfg = Release|x64
		{B0EDFFC2-7CCC-4BDF-A2DA-443D3355FAC9}.Release|x64.Build.0 = Release|x64
		{B0EDFFC2-7CCC-4BDF-A2DA-443D3355FAC9}.Release|x86.ActiveCfg = Release|Win32
		{B0EDFFC2-7CCC-4BDF-A2DA-443D3355FAC9}.Release|x86.Build.0 = Release|Win32
	EndGlobalSection
	GlobalSection(SolutionProperties) = preSolution
		HideSolutionNode = FALSE
	EndGlobalSection
	GlobalSection(ExtensibilityGlobals) = postSolution
		SolutionGuid = {D04A0506-F5D8-4330-BDA3-5BF0FFA5117D}
	EndGlobalSection
EndGlobal
